// !$*UTF8*$!
{
	archiveVersion = 1;
	classes = {
	};
	objectVersion = 56;
	objects = {

/* Begin PBXBuildFile section */
		AC0F645A2AB375CC00CE59A1 /* StringExtensions.swift in Sources */ = {isa = PBXBuildFile; fileRef = AC0F64592AB375CC00CE59A1 /* StringExtensions.swift */; };
		ACA153D12AB20B82003E0C23 /* MapPresenter.swift in Sources */ = {isa = PBXBuildFile; fileRef = ACA153D02AB20B82003E0C23 /* MapPresenter.swift */; };
		ACA153D32AB20C38003E0C23 /* MapService.swift in Sources */ = {isa = PBXBuildFile; fileRef = ACA153D22AB20C38003E0C23 /* MapService.swift */; };
		ACA153D52AB21181003E0C23 /* Station.swift in Sources */ = {isa = PBXBuildFile; fileRef = ACA153D42AB21181003E0C23 /* Station.swift */; };
		ACA153D72AB211F3003E0C23 /* Trip.swift in Sources */ = {isa = PBXBuildFile; fileRef = ACA153D62AB211F3003E0C23 /* Trip.swift */; };
		ACA153D92AB2209C003E0C23 /* Service.swift in Sources */ = {isa = PBXBuildFile; fileRef = ACA153D82AB2209C003E0C23 /* Service.swift */; };
		ACBE9B782AB103B00083EA68 /* AppDelegate.swift in Sources */ = {isa = PBXBuildFile; fileRef = ACBE9B772AB103B00083EA68 /* AppDelegate.swift */; };
		ACBE9B7A2AB103B00083EA68 /* SceneDelegate.swift in Sources */ = {isa = PBXBuildFile; fileRef = ACBE9B792AB103B00083EA68 /* SceneDelegate.swift */; };
		ACBE9B7C2AB103B00083EA68 /* MapViewController.swift in Sources */ = {isa = PBXBuildFile; fileRef = ACBE9B7B2AB103B00083EA68 /* MapViewController.swift */; };
		ACBE9B7F2AB103B00083EA68 /* Main.storyboard in Resources */ = {isa = PBXBuildFile; fileRef = ACBE9B7D2AB103B00083EA68 /* Main.storyboard */; };
		ACBE9B812AB103B00083EA68 /* Assets.xcassets in Resources */ = {isa = PBXBuildFile; fileRef = ACBE9B802AB103B00083EA68 /* Assets.xcassets */; };
		ACBE9B842AB103B00083EA68 /* LaunchScreen.storyboard in Resources */ = {isa = PBXBuildFile; fileRef = ACBE9B822AB103B00083EA68 /* LaunchScreen.storyboard */; };
		ACBE9B8D2AB103E90083EA68 /* MapKit.framework in Frameworks */ = {isa = PBXBuildFile; fileRef = ACBE9B8C2AB103E90083EA68 /* MapKit.framework */; };
		ACBE9B962AB1162E0083EA68 /* LocationManager.swift in Sources */ = {isa = PBXBuildFile; fileRef = ACBE9B952AB1162E0083EA68 /* LocationManager.swift */; };
		ACC9210F2AB5F222009BBE0F /* MKAnnotationViewExtensions.swift in Sources */ = {isa = PBXBuildFile; fileRef = ACC9210E2AB5F222009BBE0F /* MKAnnotationViewExtensions.swift */; };
		ACC921112AB60509009BBE0F /* TripListViewController.swift in Sources */ = {isa = PBXBuildFile; fileRef = ACC921102AB60509009BBE0F /* TripListViewController.swift */; };
		ACC921132AB65419009BBE0F /* TripListPresenter.swift in Sources */ = {isa = PBXBuildFile; fileRef = ACC921122AB65419009BBE0F /* TripListPresenter.swift */; };
		ACC921152AB6580A009BBE0F /* TripListService.swift in Sources */ = {isa = PBXBuildFile; fileRef = ACC921142AB6580A009BBE0F /* TripListService.swift */; };
		ACCB43632AB71B7B009B4A6A /* AlertDialogViewController.swift in Sources */ = {isa = PBXBuildFile; fileRef = ACCB43622AB71B7B009B4A6A /* AlertDialogViewController.swift */; };
		ACCB43652AB73AF9009B4A6A /* TripListTableViewCell.swift in Sources */ = {isa = PBXBuildFile; fileRef = ACCB43642AB73AF9009B4A6A /* TripListTableViewCell.swift */; };
		ACCB43672AB73D92009B4A6A /* StationAnnotation.swift in Sources */ = {isa = PBXBuildFile; fileRef = ACCB43662AB73D92009B4A6A /* StationAnnotation.swift */; };
/* End PBXBuildFile section */

/* Begin PBXFileReference section */
		AC0F64592AB375CC00CE59A1 /* StringExtensions.swift */ = {isa = PBXFileReference; lastKnownFileType = sourcecode.swift; path = StringExtensions.swift; sourceTree = "<group>"; };
		ACA153D02AB20B82003E0C23 /* MapPresenter.swift */ = {isa = PBXFileReference; lastKnownFileType = sourcecode.swift; path = MapPresenter.swift; sourceTree = "<group>"; };
		ACA153D22AB20C38003E0C23 /* MapService.swift */ = {isa = PBXFileReference; lastKnownFileType = sourcecode.swift; path = MapService.swift; sourceTree = "<group>"; };
		ACA153D42AB21181003E0C23 /* Station.swift */ = {isa = PBXFileReference; lastKnownFileType = sourcecode.swift; path = Station.swift; sourceTree = "<group>"; };
		ACA153D62AB211F3003E0C23 /* Trip.swift */ = {isa = PBXFileReference; lastKnownFileType = sourcecode.swift; path = Trip.swift; sourceTree = "<group>"; };
		ACA153D82AB2209C003E0C23 /* Service.swift */ = {isa = PBXFileReference; lastKnownFileType = sourcecode.swift; path = Service.swift; sourceTree = "<group>"; };
		ACBE9B742AB103B00083EA68 /* DemoMap.app */ = {isa = PBXFileReference; explicitFileType = wrapper.application; includeInIndex = 0; path = DemoMap.app; sourceTree = BUILT_PRODUCTS_DIR; };
		ACBE9B772AB103B00083EA68 /* AppDelegate.swift */ = {isa = PBXFileReference; lastKnownFileType = sourcecode.swift; path = AppDelegate.swift; sourceTree = "<group>"; };
		ACBE9B792AB103B00083EA68 /* SceneDelegate.swift */ = {isa = PBXFileReference; lastKnownFileType = sourcecode.swift; path = SceneDelegate.swift; sourceTree = "<group>"; };
		ACBE9B7B2AB103B00083EA68 /* MapViewController.swift */ = {isa = PBXFileReference; lastKnownFileType = sourcecode.swift; path = MapViewController.swift; sourceTree = "<group>"; };
		ACBE9B7E2AB103B00083EA68 /* Base */ = {isa = PBXFileReference; lastKnownFileType = file.storyboard; name = Base; path = Base.lproj/Main.storyboard; sourceTree = "<group>"; };
		ACBE9B802AB103B00083EA68 /* Assets.xcassets */ = {isa = PBXFileReference; lastKnownFileType = folder.assetcatalog; path = Assets.xcassets; sourceTree = "<group>"; };
		ACBE9B832AB103B00083EA68 /* Base */ = {isa = PBXFileReference; lastKnownFileType = file.storyboard; name = Base; path = Base.lproj/LaunchScreen.storyboard; sourceTree = "<group>"; };
		ACBE9B852AB103B00083EA68 /* Info.plist */ = {isa = PBXFileReference; lastKnownFileType = text.plist.xml; path = Info.plist; sourceTree = "<group>"; };
		ACBE9B8C2AB103E90083EA68 /* MapKit.framework */ = {isa = PBXFileReference; lastKnownFileType = wrapper.framework; name = MapKit.framework; path = System/Library/Frameworks/MapKit.framework; sourceTree = SDKROOT; };
		ACBE9B952AB1162E0083EA68 /* LocationManager.swift */ = {isa = PBXFileReference; lastKnownFileType = sourcecode.swift; path = LocationManager.swift; sourceTree = "<group>"; };
		ACC9210E2AB5F222009BBE0F /* MKAnnotationViewExtensions.swift */ = {isa = PBXFileReference; lastKnownFileType = sourcecode.swift; path = MKAnnotationViewExtensions.swift; sourceTree = "<group>"; };
		ACC921102AB60509009BBE0F /* TripListViewController.swift */ = {isa = PBXFileReference; lastKnownFileType = sourcecode.swift; path = TripListViewController.swift; sourceTree = "<group>"; };
		ACC921122AB65419009BBE0F /* TripListPresenter.swift */ = {isa = PBXFileReference; lastKnownFileType = sourcecode.swift; path = TripListPresenter.swift; sourceTree = "<group>"; };
		ACC921142AB6580A009BBE0F /* TripListService.swift */ = {isa = PBXFileReference; lastKnownFileType = sourcecode.swift; path = TripListService.swift; sourceTree = "<group>"; };
		ACCB43622AB71B7B009B4A6A /* AlertDialogViewController.swift */ = {isa = PBXFileReference; lastKnownFileType = sourcecode.swift; path = AlertDialogViewController.swift; sourceTree = "<group>"; };
		ACCB43642AB73AF9009B4A6A /* TripListTableViewCell.swift */ = {isa = PBXFileReference; lastKnownFileType = sourcecode.swift; path = TripListTableViewCell.swift; sourceTree = "<group>"; };
		ACCB43662AB73D92009B4A6A /* StationAnnotation.swift */ = {isa = PBXFileReference; lastKnownFileType = sourcecode.swift; path = StationAnnotation.swift; sourceTree = "<group>"; };
/* End PBXFileReference section */

/* Begin PBXFrameworksBuildPhase section */
		ACBE9B712AB103B00083EA68 /* Frameworks */ = {
			isa = PBXFrameworksBuildPhase;
			buildActionMask = 2147483647;
			files = (
				ACBE9B8D2AB103E90083EA68 /* MapKit.framework in Frameworks */,
			);
			runOnlyForDeploymentPostprocessing = 0;
		};
/* End PBXFrameworksBuildPhase section */

/* Begin PBXGroup section */
		AC0F64582AB3680200CE59A1 /* Base */ = {
			isa = PBXGroup;
			children = (
				ACA153D82AB2209C003E0C23 /* Service.swift */,
			);
			path = Base;
			sourceTree = "<group>";
		};
		ACBE9B6B2AB103AF0083EA68 = {
			isa = PBXGroup;
			children = (
				ACBE9B762AB103B00083EA68 /* DemoMap */,
				ACBE9B752AB103B00083EA68 /* Products */,
				ACBE9B8B2AB103E80083EA68 /* Frameworks */,
			);
			sourceTree = "<group>";
		};
		ACBE9B752AB103B00083EA68 /* Products */ = {
			isa = PBXGroup;
			children = (
				ACBE9B742AB103B00083EA68 /* DemoMap.app */,
			);
			name = Products;
			sourceTree = "<group>";
		};
		ACBE9B762AB103B00083EA68 /* DemoMap */ = {
			isa = PBXGroup;
			children = (
				ACCB436F2AB74322009B4A6A /* CustomViews */,
				ACCB43682AB74207009B4A6A /* Scenes */,
				ACBE9B942AB115430083EA68 /* Util */,
				ACBE9B932AB114150083EA68 /* Service */,
				ACBE9B8F2AB113EB0083EA68 /* Assets */,
				ACBE9B8E2AB113D40083EA68 /* Main */,
				ACBE9B852AB103B00083EA68 /* Info.plist */,
			);
			path = DemoMap;
			sourceTree = "<group>";
		};
		ACBE9B8B2AB103E80083EA68 /* Frameworks */ = {
			isa = PBXGroup;
			children = (
				ACBE9B8C2AB103E90083EA68 /* MapKit.framework */,
			);
			name = Frameworks;
			sourceTree = "<group>";
		};
		ACBE9B8E2AB113D40083EA68 /* Main */ = {
			isa = PBXGroup;
			children = (
				ACBE9B772AB103B00083EA68 /* AppDelegate.swift */,
				ACBE9B792AB103B00083EA68 /* SceneDelegate.swift */,
				ACBE9B7D2AB103B00083EA68 /* Main.storyboard */,
				ACBE9B822AB103B00083EA68 /* LaunchScreen.storyboard */,
			);
			path = Main;
			sourceTree = "<group>";
		};
		ACBE9B8F2AB113EB0083EA68 /* Assets */ = {
			isa = PBXGroup;
			children = (
				ACBE9B802AB103B00083EA68 /* Assets.xcassets */,
			);
			path = Assets;
			sourceTree = "<group>";
		};
		ACBE9B902AB113F70083EA68 /* View */ = {
			isa = PBXGroup;
			children = (
				ACBE9B7B2AB103B00083EA68 /* MapViewController.swift */,
			);
			path = View;
			sourceTree = "<group>";
		};
		ACBE9B912AB114030083EA68 /* Presenter */ = {
			isa = PBXGroup;
			children = (
				ACA153D02AB20B82003E0C23 /* MapPresenter.swift */,
			);
			path = Presenter;
			sourceTree = "<group>";
		};
		ACBE9B922AB1140A0083EA68 /* Model */ = {
			isa = PBXGroup;
			children = (
				ACA153D42AB21181003E0C23 /* Station.swift */,
				ACCB43662AB73D92009B4A6A /* StationAnnotation.swift */,
			);
			path = Model;
			sourceTree = "<group>";
		};
		ACBE9B932AB114150083EA68 /* Service */ = {
			isa = PBXGroup;
			children = (
				AC0F64582AB3680200CE59A1 /* Base */,
				ACA153D22AB20C38003E0C23 /* MapService.swift */,
				ACC921142AB6580A009BBE0F /* TripListService.swift */,
			);
			path = Service;
			sourceTree = "<group>";
		};
		ACBE9B942AB115430083EA68 /* Util */ = {
			isa = PBXGroup;
			children = (
				ACBE9B952AB1162E0083EA68 /* LocationManager.swift */,
				AC0F64592AB375CC00CE59A1 /* StringExtensions.swift */,
				ACC9210E2AB5F222009BBE0F /* MKAnnotationViewExtensions.swift */,
			);
			path = Util;
			sourceTree = "<group>";
		};
		ACCB43682AB74207009B4A6A /* Scenes */ = {
			isa = PBXGroup;
			children = (
				ACCB436A2AB7421E009B4A6A /* MapPage */,
				ACCB43692AB74211009B4A6A /* TripListPage */,
			);
			path = Scenes;
			sourceTree = "<group>";
		};
		ACCB43692AB74211009B4A6A /* TripListPage */ = {
			isa = PBXGroup;
			children = (
				ACCB436D2AB74241009B4A6A /* Model */,
				ACCB436C2AB74230009B4A6A /* Presenter */,
				ACCB436B2AB7422A009B4A6A /* View */,
			);
			path = TripListPage;
			sourceTree = "<group>";
		};
		ACCB436A2AB7421E009B4A6A /* MapPage */ = {
			isa = PBXGroup;
			children = (
				ACBE9B922AB1140A0083EA68 /* Model */,
				ACBE9B902AB113F70083EA68 /* View */,
				ACBE9B912AB114030083EA68 /* Presenter */,
			);
			path = MapPage;
			sourceTree = "<group>";
		};
		ACCB436B2AB7422A009B4A6A /* View */ = {
			isa = PBXGroup;
			children = (
				ACC921102AB60509009BBE0F /* TripListViewController.swift */,
				ACCB436E2AB74247009B4A6A /* TableViewCell */,
			);
			path = View;
			sourceTree = "<group>";
		};
		ACCB436C2AB74230009B4A6A /* Presenter */ = {
			isa = PBXGroup;
			children = (
				ACC921122AB65419009BBE0F /* TripListPresenter.swift */,
			);
			path = Presenter;
			sourceTree = "<group>";
		};
		ACCB436D2AB74241009B4A6A /* Model */ = {
			isa = PBXGroup;
			children = (
				ACA153D62AB211F3003E0C23 /* Trip.swift */,
			);
			path = Model;
			sourceTree = "<group>";
		};
		ACCB436E2AB74247009B4A6A /* TableViewCell */ = {
			isa = PBXGroup;
			children = (
				ACCB43642AB73AF9009B4A6A /* TripListTableViewCell.swift */,
			);
			path = TableViewCell;
			sourceTree = "<group>";
		};
		ACCB436F2AB74322009B4A6A /* CustomViews */ = {
			isa = PBXGroup;
			children = (
				ACCB43622AB71B7B009B4A6A /* AlertDialogViewController.swift */,
			);
			path = CustomViews;
			sourceTree = "<group>";
		};
/* End PBXGroup section */

/* Begin PBXNativeTarget section */
		ACBE9B732AB103B00083EA68 /* DemoMap */ = {
			isa = PBXNativeTarget;
			buildConfigurationList = ACBE9B882AB103B00083EA68 /* Build configuration list for PBXNativeTarget "DemoMap" */;
			buildPhases = (
				ACBE9B702AB103B00083EA68 /* Sources */,
				ACBE9B712AB103B00083EA68 /* Frameworks */,
				ACBE9B722AB103B00083EA68 /* Resources */,
			);
			buildRules = (
			);
			dependencies = (
			);
			name = DemoMap;
			productName = DemoMap;
			productReference = ACBE9B742AB103B00083EA68 /* DemoMap.app */;
			productType = "com.apple.product-type.application";
		};
/* End PBXNativeTarget section */

/* Begin PBXProject section */
		ACBE9B6C2AB103AF0083EA68 /* Project object */ = {
			isa = PBXProject;
			attributes = {
				BuildIndependentTargetsInParallel = 1;
				LastSwiftUpdateCheck = 1400;
				LastUpgradeCheck = 1400;
				TargetAttributes = {
					ACBE9B732AB103B00083EA68 = {
						CreatedOnToolsVersion = 14.0;
					};
				};
			};
			buildConfigurationList = ACBE9B6F2AB103AF0083EA68 /* Build configuration list for PBXProject "DemoMap" */;
			compatibilityVersion = "Xcode 14.0";
			developmentRegion = en;
			hasScannedForEncodings = 0;
			knownRegions = (
				en,
				Base,
			);
			mainGroup = ACBE9B6B2AB103AF0083EA68;
			productRefGroup = ACBE9B752AB103B00083EA68 /* Products */;
			projectDirPath = "";
			projectRoot = "";
			targets = (
				ACBE9B732AB103B00083EA68 /* DemoMap */,
			);
		};
/* End PBXProject section */

/* Begin PBXResourcesBuildPhase section */
		ACBE9B722AB103B00083EA68 /* Resources */ = {
			isa = PBXResourcesBuildPhase;
			buildActionMask = 2147483647;
			files = (
				ACBE9B842AB103B00083EA68 /* LaunchScreen.storyboard in Resources */,
				ACBE9B812AB103B00083EA68 /* Assets.xcassets in Resources */,
				ACBE9B7F2AB103B00083EA68 /* Main.storyboard in Resources */,
			);
			runOnlyForDeploymentPostprocessing = 0;
		};
/* End PBXResourcesBuildPhase section */

/* Begin PBXSourcesBuildPhase section */
		ACBE9B702AB103B00083EA68 /* Sources */ = {
			isa = PBXSourcesBuildPhase;
			buildActionMask = 2147483647;
			files = (
				ACC921132AB65419009BBE0F /* TripListPresenter.swift in Sources */,
				ACC9210F2AB5F222009BBE0F /* MKAnnotationViewExtensions.swift in Sources */,
				ACCB43672AB73D92009B4A6A /* StationAnnotation.swift in Sources */,
				ACBE9B962AB1162E0083EA68 /* LocationManager.swift in Sources */,
				ACCB43632AB71B7B009B4A6A /* AlertDialogViewController.swift in Sources */,
				ACBE9B7C2AB103B00083EA68 /* MapViewController.swift in Sources */,
				ACA153D32AB20C38003E0C23 /* MapService.swift in Sources */,
				ACA153D12AB20B82003E0C23 /* MapPresenter.swift in Sources */,
				ACCB43652AB73AF9009B4A6A /* TripListTableViewCell.swift in Sources */,
				ACBE9B782AB103B00083EA68 /* AppDelegate.swift in Sources */,
				AC0F645A2AB375CC00CE59A1 /* StringExtensions.swift in Sources */,
				ACA153D92AB2209C003E0C23 /* Service.swift in Sources */,
				ACA153D72AB211F3003E0C23 /* Trip.swift in Sources */,
				ACC921152AB6580A009BBE0F /* TripListService.swift in Sources */,
				ACC921112AB60509009BBE0F /* TripListViewController.swift in Sources */,
				ACBE9B7A2AB103B00083EA68 /* SceneDelegate.swift in Sources */,
				ACA153D52AB21181003E0C23 /* Station.swift in Sources */,
			);
			runOnlyForDeploymentPostprocessing = 0;
		};
/* End PBXSourcesBuildPhase section */

/* Begin PBXVariantGroup section */
		ACBE9B7D2AB103B00083EA68 /* Main.storyboard */ = {
			isa = PBXVariantGroup;
			children = (
				ACBE9B7E2AB103B00083EA68 /* Base */,
			);
			name = Main.storyboard;
			sourceTree = "<group>";
		};
		ACBE9B822AB103B00083EA68 /* LaunchScreen.storyboard */ = {
			isa = PBXVariantGroup;
			children = (
				ACBE9B832AB103B00083EA68 /* Base */,
			);
			name = LaunchScreen.storyboard;
			sourceTree = "<group>";
		};
/* End PBXVariantGroup section */

/* Begin XCBuildConfiguration section */
		ACBE9B862AB103B00083EA68 /* Debug */ = {
			isa = XCBuildConfiguration;
			buildSettings = {
				ALWAYS_SEARCH_USER_PATHS = NO;
				CLANG_ANALYZER_NONNULL = YES;
				CLANG_ANALYZER_NUMBER_OBJECT_CONVERSION = YES_AGGRESSIVE;
				CLANG_CXX_LANGUAGE_STANDARD = "gnu++20";
				CLANG_ENABLE_MODULES = YES;
				CLANG_ENABLE_OBJC_ARC = YES;
				CLANG_ENABLE_OBJC_WEAK = YES;
				CLANG_WARN_BLOCK_CAPTURE_AUTORELEASING = YES;
				CLANG_WARN_BOOL_CONVERSION = YES;
				CLANG_WARN_COMMA = YES;
				CLANG_WARN_CONSTANT_CONVERSION = YES;
				CLANG_WARN_DEPRECATED_OBJC_IMPLEMENTATIONS = YES;
				CLANG_WARN_DIRECT_OBJC_ISA_USAGE = YES_ERROR;
				CLANG_WARN_DOCUMENTATION_COMMENTS = YES;
				CLANG_WARN_EMPTY_BODY = YES;
				CLANG_WARN_ENUM_CONVERSION = YES;
				CLANG_WARN_INFINITE_RECURSION = YES;
				CLANG_WARN_INT_CONVERSION = YES;
				CLANG_WARN_NON_LITERAL_NULL_CONVERSION = YES;
				CLANG_WARN_OBJC_IMPLICIT_RETAIN_SELF = YES;
				CLANG_WARN_OBJC_LITERAL_CONVERSION = YES;
				CLANG_WARN_OBJC_ROOT_CLASS = YES_ERROR;
				CLANG_WARN_QUOTED_INCLUDE_IN_FRAMEWORK_HEADER = YES;
				CLANG_WARN_RANGE_LOOP_ANALYSIS = YES;
				CLANG_WARN_STRICT_PROTOTYPES = YES;
				CLANG_WARN_SUSPICIOUS_MOVE = YES;
				CLANG_WARN_UNGUARDED_AVAILABILITY = YES_AGGRESSIVE;
				CLANG_WARN_UNREACHABLE_CODE = YES;
				CLANG_WARN__DUPLICATE_METHOD_MATCH = YES;
				COPY_PHASE_STRIP = NO;
				DEBUG_INFORMATION_FORMAT = dwarf;
				ENABLE_STRICT_OBJC_MSGSEND = YES;
				ENABLE_TESTABILITY = YES;
				GCC_C_LANGUAGE_STANDARD = gnu11;
				GCC_DYNAMIC_NO_PIC = NO;
				GCC_NO_COMMON_BLOCKS = YES;
				GCC_OPTIMIZATION_LEVEL = 0;
				GCC_PREPROCESSOR_DEFINITIONS = (
					"DEBUG=1",
					"$(inherited)",
				);
				GCC_WARN_64_TO_32_BIT_CONVERSION = YES;
				GCC_WARN_ABOUT_RETURN_TYPE = YES_ERROR;
				GCC_WARN_UNDECLARED_SELECTOR = YES;
				GCC_WARN_UNINITIALIZED_AUTOS = YES_AGGRESSIVE;
				GCC_WARN_UNUSED_FUNCTION = YES;
				GCC_WARN_UNUSED_VARIABLE = YES;
				IPHONEOS_DEPLOYMENT_TARGET = 16.0;
				MTL_ENABLE_DEBUG_INFO = INCLUDE_SOURCE;
				MTL_FAST_MATH = YES;
				ONLY_ACTIVE_ARCH = YES;
				SDKROOT = iphoneos;
				SWIFT_ACTIVE_COMPILATION_CONDITIONS = DEBUG;
				SWIFT_OPTIMIZATION_LEVEL = "-Onone";
			};
			name = Debug;
		};
		ACBE9B872AB103B00083EA68 /* Release */ = {
			isa = XCBuildConfiguration;
			buildSettings = {
				ALWAYS_SEARCH_USER_PATHS = NO;
				CLANG_ANALYZER_NONNULL = YES;
				CLANG_ANALYZER_NUMBER_OBJECT_CONVERSION = YES_AGGRESSIVE;
				CLANG_CXX_LANGUAGE_STANDARD = "gnu++20";
				CLANG_ENABLE_MODULES = YES;
				CLANG_ENABLE_OBJC_ARC = YES;
				CLANG_ENABLE_OBJC_WEAK = YES;
				CLANG_WARN_BLOCK_CAPTURE_AUTORELEASING = YES;
				CLANG_WARN_BOOL_CONVERSION = YES;
				CLANG_WARN_COMMA = YES;
				CLANG_WARN_CONSTANT_CONVERSION = YES;
				CLANG_WARN_DEPRECATED_OBJC_IMPLEMENTATIONS = YES;
				CLANG_WARN_DIRECT_OBJC_ISA_USAGE = YES_ERROR;
				CLANG_WARN_DOCUMENTATION_COMMENTS = YES;
				CLANG_WARN_EMPTY_BODY = YES;
				CLANG_WARN_ENUM_CONVERSION = YES;
				CLANG_WARN_INFINITE_RECURSION = YES;
				CLANG_WARN_INT_CONVERSION = YES;
				CLANG_WARN_NON_LITERAL_NULL_CONVERSION = YES;
				CLANG_WARN_OBJC_IMPLICIT_RETAIN_SELF = YES;
				CLANG_WARN_OBJC_LITERAL_CONVERSION = YES;
				CLANG_WARN_OBJC_ROOT_CLASS = YES_ERROR;
				CLANG_WARN_QUOTED_INCLUDE_IN_FRAMEWORK_HEADER = YES;
				CLANG_WARN_RANGE_LOOP_ANALYSIS = YES;
				CLANG_WARN_STRICT_PROTOTYPES = YES;
				CLANG_WARN_SUSPICIOUS_MOVE = YES;
				CLANG_WARN_UNGUARDED_AVAILABILITY = YES_AGGRESSIVE;
				CLANG_WARN_UNREACHABLE_CODE = YES;
				CLANG_WARN__DUPLICATE_METHOD_MATCH = YES;
				COPY_PHASE_STRIP = NO;
				DEBUG_INFORMATION_FORMAT = "dwarf-with-dsym";
				ENABLE_NS_ASSERTIONS = NO;
				ENABLE_STRICT_OBJC_MSGSEND = YES;
				GCC_C_LANGUAGE_STANDARD = gnu11;
				GCC_NO_COMMON_BLOCKS = YES;
				GCC_WARN_64_TO_32_BIT_CONVERSION = YES;
				GCC_WARN_ABOUT_RETURN_TYPE = YES_ERROR;
				GCC_WARN_UNDECLARED_SELECTOR = YES;
				GCC_WARN_UNINITIALIZED_AUTOS = YES_AGGRESSIVE;
				GCC_WARN_UNUSED_FUNCTION = YES;
				GCC_WARN_UNUSED_VARIABLE = YES;
				IPHONEOS_DEPLOYMENT_TARGET = 16.0;
				MTL_ENABLE_DEBUG_INFO = NO;
				MTL_FAST_MATH = YES;
				SDKROOT = iphoneos;
				SWIFT_COMPILATION_MODE = wholemodule;
				SWIFT_OPTIMIZATION_LEVEL = "-O";
				VALIDATE_PRODUCT = YES;
			};
			name = Release;
		};
		ACBE9B892AB103B00083EA68 /* Debug */ = {
			isa = XCBuildConfiguration;
			buildSettings = {
				ASSETCATALOG_COMPILER_APPICON_NAME = AppIcon;
				ASSETCATALOG_COMPILER_GLOBAL_ACCENT_COLOR_NAME = AccentColor;
				CODE_SIGN_STYLE = Automatic;
				CURRENT_PROJECT_VERSION = 1;
				DEVELOPMENT_TEAM = N5MT76GM36;
				GENERATE_INFOPLIST_FILE = YES;
				INFOPLIST_FILE = DemoMap/Info.plist;
				INFOPLIST_KEY_UIApplicationSupportsIndirectInputEvents = YES;
				INFOPLIST_KEY_UILaunchStoryboardName = LaunchScreen;
				INFOPLIST_KEY_UIMainStoryboardFile = Main;
				INFOPLIST_KEY_UISupportedInterfaceOrientations_iPad = "UIInterfaceOrientationPortrait UIInterfaceOrientationPortraitUpsideDown UIInterfaceOrientationLandscapeLeft UIInterfaceOrientationLandscapeRight";
				INFOPLIST_KEY_UISupportedInterfaceOrientations_iPhone = "UIInterfaceOrientationPortrait UIInterfaceOrientationLandscapeLeft UIInterfaceOrientationLandscapeRight";
				LD_RUNPATH_SEARCH_PATHS = (
					"$(inherited)",
					"@executable_path/Frameworks",
				);
				MARKETING_VERSION = 1.0;
				PRODUCT_BUNDLE_IDENTIFIER = com.mustafayanar.DemoMap;
				PRODUCT_NAME = "$(TARGET_NAME)";
				SUPPORTED_PLATFORMS = "iphoneos iphonesimulator";
				SUPPORTS_MACCATALYST = NO;
				SUPPORTS_MAC_DESIGNED_FOR_IPHONE_IPAD = NO;
				SWIFT_EMIT_LOC_STRINGS = YES;
				SWIFT_VERSION = 5.0;
				TARGETED_DEVICE_FAMILY = 1;
			};
			name = Debug;
		};
		ACBE9B8A2AB103B00083EA68 /* Release */ = {
			isa = XCBuildConfiguration;
			buildSettings = {
				ASSETCATALOG_COMPILER_APPICON_NAME = AppIcon;
				ASSETCATALOG_COMPILER_GLOBAL_ACCENT_COLOR_NAME = AccentColor;
				CODE_SIGN_STYLE = Automatic;
				CURRENT_PROJECT_VERSION = 1;
				DEVELOPMENT_TEAM = N5MT76GM36;
				GENERATE_INFOPLIST_FILE = YES;
				INFOPLIST_FILE = DemoMap/Info.plist;
				INFOPLIST_KEY_UIApplicationSupportsIndirectInputEvents = YES;
				INFOPLIST_KEY_UILaunchStoryboardName = LaunchScreen;
				INFOPLIST_KEY_UIMainStoryboardFile = Main;
				INFOPLIST_KEY_UISupportedInterfaceOrientations_iPad = "UIInterfaceOrientationPortrait UIInterfaceOrientationPortraitUpsideDown UIInterfaceOrientationLandscapeLeft UIInterfaceOrientationLandscapeRight";
				INFOPLIST_KEY_UISupportedInterfaceOrientations_iPhone = "UIInterfaceOrientationPortrait UIInterfaceOrientationLandscapeLeft UIInterfaceOrientationLandscapeRight";
				LD_RUNPATH_SEARCH_PATHS = (
					"$(inherited)",
					"@executable_path/Frameworks",
				);
				MARKETING_VERSION = 1.0;
				PRODUCT_BUNDLE_IDENTIFIER = com.mustafayanar.DemoMap;
				PRODUCT_NAME = "$(TARGET_NAME)";
				SUPPORTED_PLATFORMS = "iphoneos iphonesimulator";
				SUPPORTS_MACCATALYST = NO;
				SUPPORTS_MAC_DESIGNED_FOR_IPHONE_IPAD = NO;
				SWIFT_EMIT_LOC_STRINGS = YES;
				SWIFT_VERSION = 5.0;
				TARGETED_DEVICE_FAMILY = 1;
			};
			name = Release;
		};
/* End XCBuildConfiguration section */

/* Begin XCConfigurationList section */
		ACBE9B6F2AB103AF0083EA68 /* Build configuration list for PBXProject "DemoMap" */ = {
			isa = XCConfigurationList;
			buildConfigurations = (
				ACBE9B862AB103B00083EA68 /* Debug */,
				ACBE9B872AB103B00083EA68 /* Release */,
			);
			defaultConfigurationIsVisible = 0;
			defaultConfigurationName = Release;
		};
		ACBE9B882AB103B00083EA68 /* Build configuration list for PBXNativeTarget "DemoMap" */ = {
			isa = XCConfigurationList;
			buildConfigurations = (
				ACBE9B892AB103B00083EA68 /* Debug */,
				ACBE9B8A2AB103B00083EA68 /* Release */,
			);
			defaultConfigurationIsVisible = 0;
			defaultConfigurationName = Release;
		};
/* End XCConfigurationList section */
	};
	rootObject = ACBE9B6C2AB103AF0083EA68 /* Project object */;
}
